
Microsoft Visual Studio Solution File, Format Version 12.00
# Visual Studio 2013
VisualStudioVersion = 12.0.31101.0
MinimumVisualStudioVersion = 10.0.40219.1
Project("{8BC9CEB8-8B4A-11D0-8D11-00A0C91BC942}") = "DZ_1", "DZ_1\DZ_1.vcxproj", "{9969EC8F-32C0-4751-ABB3-F01A16A90DBC}"
EndProject
Global
	GlobalSection(SolutionConfigurationPlatforms) = preSolution
		Debug|Win32 = Debug|Win32
		Release|Win32 = Release|Win32
	EndGlobalSection
	GlobalSection(ProjectConfigurationPlatforms) = postSolution
		{9969EC8F-32C0-4751-ABB3-F01A16A90DBC}.Debug|Win32.ActiveCfg = Debug|Win32
		{9969EC8F-32C0-4751-ABB3-F01A16A90DBC}.Debug|Win32.Build.0 = Debug|Win32
		{9969EC8F-32C0-4751-ABB3-F01A16A90DBC}.Release|Win32.ActiveCfg = Release|Win32
		{9969EC8F-32C0-4751-ABB3-F01A16A90DBC}.Release|Win32.Build.0 = Release|Win32
	EndGlobalSection
	GlobalSection(SolutionProperties) = preSolution
		HideSolutionNode = FALSE
	EndGlobalSection
EndGlobal
